{
  "name": "vica-emulator",
  "version": "0.0.0",
  "lockfileVersion": 3,
  "requires": true,
  "packages": {
    "": {
      "name": "vica-emulator",
      "version": "0.0.0",
      "license": "MIT",
      "devDependencies": {
        "viasm": "^0.2.2"
      }
    },
    "node_modules/viasm": {
      "version": "0.2.2",
      "resolved": "https://registry.npmjs.org/viasm/-/viasm-0.2.2.tgz",
      "integrity": "sha512-NkquHbw19w82TLMAO2xEcj5ER/gCQDTBnPuCIDYT2lTVOxrcYTR2t4x5HchyH2GSZ8qB7wPLcbFlxAoVj4HmNQ==",
      "dev": true
    }
  }
}
